// !$*UTF8*$!
{
	archiveVersion = 1;
	classes = {
	};
	objectVersion = 50;
	objects = {

/* Begin PBXBuildFile section */
		211D9BEF216B3B2A00C37400 /* AppDelegate.swift in Sources */ = {isa = PBXBuildFile; fileRef = 211D9BEE216B3B2A00C37400 /* AppDelegate.swift */; };
		211D9BF1216B3B2A00C37400 /* ViewController.swift in Sources */ = {isa = PBXBuildFile; fileRef = 211D9BF0216B3B2A00C37400 /* ViewController.swift */; };
		211D9BF4216B3B2A00C37400 /* Main.storyboard in Resources */ = {isa = PBXBuildFile; fileRef = 211D9BF2216B3B2A00C37400 /* Main.storyboard */; };
		211D9BF6216B3B2B00C37400 /* Assets.xcassets in Resources */ = {isa = PBXBuildFile; fileRef = 211D9BF5216B3B2B00C37400 /* Assets.xcassets */; };
		211D9BF9216B3B2B00C37400 /* LaunchScreen.storyboard in Resources */ = {isa = PBXBuildFile; fileRef = 211D9BF7216B3B2B00C37400 /* LaunchScreen.storyboard */; };
/* End PBXBuildFile section */

/* Begin PBXFileReference section */
		211D9BEB216B3B2A00C37400 /* SwiftStart.app */ = {isa = PBXFileReference; explicitFileType = wrapper.application; includeInIndex = 0; path = SwiftStart.app; sourceTree = BUILT_PRODUCTS_DIR; };
		211D9BEE216B3B2A00C37400 /* AppDelegate.swift */ = {isa = PBXFileReference; lastKnownFileType = sourcecode.swift; path = AppDelegate.swift; sourceTree = "<group>"; };
		211D9BF0216B3B2A00C37400 /* ViewController.swift */ = {isa = PBXFileReference; lastKnownFileType = sourcecode.swift; path = ViewController.swift; sourceTree = "<group>"; };
		211D9BF3216B3B2A00C37400 /* Base */ = {isa = PBXFileReference; lastKnownFileType = file.storyboard; name = Base; path = Base.lproj/Main.storyboard; sourceTree = "<group>"; };
		211D9BF5216B3B2B00C37400 /* Assets.xcassets */ = {isa = PBXFileReference; lastKnownFileType = folder.assetcatalog; path = Assets.xcassets; sourceTree = "<group>"; };
		211D9BF8216B3B2B00C37400 /* Base */ = {isa = PBXFileReference; lastKnownFileType = file.storyboard; name = Base; path = Base.lproj/LaunchScreen.storyboard; sourceTree = "<group>"; };
		211D9BFA216B3B2B00C37400 /* Info.plist */ = {isa = PBXFileReference; lastKnownFileType = text.plist.xml; path = Info.plist; sourceTree = "<group>"; };
/* End PBXFileReference section */

/* Begin PBXFrameworksBuildPhase section */
		211D9BE8216B3B2A00C37400 /* Frameworks */ = {
			isa = PBXFrameworksBuildPhase;
			buildActionMask = 2147483647;
			files = (
			);
			runOnlyForDeploymentPostprocessing = 0;
		};
/* End PBXFrameworksBuildPhase section */

/* Begin PBXGroup section */
		211D9BE2216B3B2A00C37400 = {
			isa = PBXGroup;
			children = (
				211D9BED216B3B2A00C37400 /* SwiftStart */,
				211D9BEC216B3B2A00C37400 /* Products */,
			);
			sourceTree = "<group>";
		};
		211D9BEC216B3B2A00C37400 /* Products */ = {
			isa = PBXGroup;
			children = (
				211D9BEB216B3B2A00C37400 /* SwiftStart.app */,
			);
			name = Products;
			sourceTree = "<group>";
		};
		211D9BED216B3B2A00C37400 /* SwiftStart */ = {
			isa = PBXGroup;
			children = (
				211D9BEE216B3B2A00C37400 /* AppDelegate.swift */,
				211D9BF0216B3B2A00C37400 /* ViewController.swift */,
				211D9BF2216B3B2A00C37400 /* Main.storyboard */,
				211D9BF5216B3B2B00C37400 /* Assets.xcassets */,
				211D9BF7216B3B2B00C37400 /* LaunchScreen.storyboard */,
				211D9BFA216B3B2B00C37400 /* Info.plist */,
			);
			path = SwiftStart;
			sourceTree = "<group>";
		};
/* End PBXGroup section */

/* Begin PBXNativeTarget section */
		211D9BEA216B3B2A00C37400 /* SwiftStart */ = {
			isa = PBXNativeTarget;
			buildConfigurationList = 211D9BFD216B3B2B00C37400 /* Build configuration list for PBXNativeTarget "SwiftStart" */;
			buildPhases = (
				211D9BE7216B3B2A00C37400 /* Sources */,
				211D9BE8216B3B2A00C37400 /* Frameworks */,
				211D9BE9216B3B2A00C37400 /* Resources */,
			);
			buildRules = (
			);
			dependencies = (
			);
			name = SwiftStart;
			productName = SwiftStart;
			productReference = 211D9BEB216B3B2A00C37400 /* SwiftStart.app */;
			productType = "com.apple.product-type.application";
		};
/* End PBXNativeTarget section */

/* Begin PBXProject section */
		211D9BE3216B3B2A00C37400 /* Project object */ = {
			isa = PBXProject;
			attributes = {
				LastSwiftUpdateCheck = 1000;
				LastUpgradeCheck = 1000;
				ORGANIZATIONNAME = "Sano Suguru";
				TargetAttributes = {
					211D9BEA216B3B2A00C37400 = {
						CreatedOnToolsVersion = 10.0;
					};
				};
			};
			buildConfigurationList = 211D9BE6216B3B2A00C37400 /* Build configuration list for PBXProject "SwiftStart" */;
			compatibilityVersion = "Xcode 9.3";
			developmentRegion = en;
			hasScannedForEncodings = 0;
			knownRegions = (
				en,
				Base,
			);
			mainGroup = 211D9BE2216B3B2A00C37400;
			productRefGroup = 211D9BEC216B3B2A00C37400 /* Products */;
			projectDirPath = "";
			projectRoot = "";
			targets = (
				211D9BEA216B3B2A00C37400 /* SwiftStart */,
			);
		};
/* End PBXProject section */

/* Begin PBXResourcesBuildPhase section */
		211D9BE9216B3B2A00C37400 /* Resources */ = {
			isa = PBXResourcesBuildPhase;
			buildActionMask = 2147483647;
			files = (
				211D9BF9216B3B2B00C37400 /* LaunchScreen.storyboard in Resources */,
				211D9BF6216B3B2B00C37400 /* Assets.xcassets in Resources */,
				211D9BF4216B3B2A00C37400 /* Main.storyboard in Resources */,
			);
			runOnlyForDeploymentPostprocessing = 0;
		};
/* End PBXResourcesBuildPhase section */

/* Begin PBXSourcesBuildPhase section */
		211D9BE7216B3B2A00C37400 /* Sources */ = {
			isa = PBXSourcesBuildPhase;
			buildActionMask = 2147483647;
			files = (
				211D9BF1216B3B2A00C37400 /* ViewController.swift in Sources */,
				211D9BEF216B3B2A00C37400 /* AppDelegate.swift in Sources */,
			);
			runOnlyForDeploymentPostprocessing = 0;
		};
/* End PBXSourcesBuildPhase section */

/* Begin PBXVariantGroup section */
		211D9BF2216B3B2A00C37400 /* Main.storyboard */ = {
			isa = PBXVariantGroup;
			children = (
				211D9BF3216B3B2A00C37400 /* Base */,
			);
			name = Main.storyboard;
			sourceTree = "<group>";
		};
		211D9BF7216B3B2B00C37400 /* LaunchScreen.storyboard */ = {
			isa = PBXVariantGroup;
			children = (
				211D9BF8216B3B2B00C37400 /* Base */,
			);
			name = LaunchScreen.storyboard;
			sourceTree = "<group>";
		};
/* End PBXVariantGroup section */

/* Begin XCBuildConfiguration section */
		211D9BFB216B3B2B00C37400 /* Debug */ = {
			isa = XCBuildConfiguration;
			buildSettings = {
				ALWAYS_SEARCH_USER_PATHS = NO;
				CLANG_ANALYZER_NONNULL = YES;
				CLANG_ANALYZER_NUMBER_OBJECT_CONVERSION = YES_AGGRESSIVE;
				CLANG_CXX_LANGUAGE_STANDARD = "gnu++14";
				CLANG_CXX_LIBRARY = "libc++";
				CLANG_ENABLE_MODULES = YES;
				CLANG_ENABLE_OBJC_ARC = YES;
				CLANG_ENABLE_OBJC_WEAK = YES;
				CLANG_WARN_BLOCK_CAPTURE_AUTORELEASING = YES;
				CLANG_WARN_BOOL_CONVERSION = YES;
				CLANG_WARN_COMMA = YES;
				CLANG_WARN_CONSTANT_CONVERSION = YES;
				CLANG_WARN_DEPRECATED_OBJC_IMPLEMENTATIONS = YES;
				CLANG_WARN_DIRECT_OBJC_ISA_USAGE = YES_ERROR;
				CLANG_WARN_DOCUMENTATION_COMMENTS = YES;
				CLANG_WARN_EMPTY_BODY = YES;
				CLANG_WARN_ENUM_CONVERSION = YES;
				CLANG_WARN_INFINITE_RECURSION = YES;
				CLANG_WARN_INT_CONVERSION = YES;
				CLANG_WARN_NON_LITERAL_NULL_CONVERSION = YES;
				CLANG_WARN_OBJC_IMPLICIT_RETAIN_SELF = YES;
				CLANG_WARN_OBJC_LITERAL_CONVERSION = YES;
				CLANG_WARN_OBJC_ROOT_CLASS = YES_ERROR;
				CLANG_WARN_RANGE_LOOP_ANALYSIS = YES;
				CLANG_WARN_STRICT_PROTOTYPES = YES;
				CLANG_WARN_SUSPICIOUS_MOVE = YES;
				CLANG_WARN_UNGUARDED_AVAILABILITY = YES_AGGRESSIVE;
				CLANG_WARN_UNREACHABLE_CODE = YES;
				CLANG_WARN__DUPLICATE_METHOD_MATCH = YES;
				CODE_SIGN_IDENTITY = "iPhone Developer";
				COPY_PHASE_STRIP = NO;
				DEBUG_INFORMATION_FORMAT = dwarf;
				ENABLE_STRICT_OBJC_MSGSEND = YES;
				ENABLE_TESTABILITY = YES;
				GCC_C_LANGUAGE_STANDARD = gnu11;
				GCC_DYNAMIC_NO_PIC = NO;
				GCC_NO_COMMON_BLOCKS = YES;
				GCC_OPTIMIZATION_LEVEL = 0;
				GCC_PREPROCESSOR_DEFINITIONS = (
					"DEBUG=1",
					"$(inherited)",
				);
				GCC_WARN_64_TO_32_BIT_CONVERSION = YES;
				GCC_WARN_ABOUT_RETURN_TYPE = YES_ERROR;
				GCC_WARN_UNDECLARED_SELECTOR = YES;
				GCC_WARN_UNINITIALIZED_AUTOS = YES_AGGRESSIVE;
				GCC_WARN_UNUSED_FUNCTION = YES;
				GCC_WARN_UNUSED_VARIABLE = YES;
				IPHONEOS_DEPLOYMENT_TARGET = 12.0;
				MTL_ENABLE_DEBUG_INFO = INCLUDE_SOURCE;
				MTL_FAST_MATH = YES;
				ONLY_ACTIVE_ARCH = YES;
				SDKROOT = iphoneos;
				SWIFT_ACTIVE_COMPILATION_CONDITIONS = DEBUG;
				SWIFT_OPTIMIZATION_LEVEL = "-Onone";
			};
			name = Debug;
		};
		211D9BFC216B3B2B00C37400 /* Release */ = {
			isa = XCBuildConfiguration;
			buildSettings = {
				ALWAYS_SEARCH_USER_PATHS = NO;
				CLANG_ANALYZER_NONNULL = YES;
				CLANG_ANALYZER_NUMBER_OBJECT_CONVERSION = YES_AGGRESSIVE;
				CLANG_CXX_LANGUAGE_STANDARD = "gnu++14";
				CLANG_CXX_LIBRARY = "libc++";
				CLANG_ENABLE_MODULES = YES;
				CLANG_ENABLE_OBJC_ARC = YES;
				CLANG_ENABLE_OBJC_WEAK = YES;
				CLANG_WARN_BLOCK_CAPTURE_AUTORELEASING = YES;
				CLANG_WARN_BOOL_CONVERSION = YES;
				CLANG_WARN_COMMA = YES;
				CLANG_WARN_CONSTANT_CONVERSION = YES;
				CLANG_WARN_DEPRECATED_OBJC_IMPLEMENTATIONS = YES;
				CLANG_WARN_DIRECT_OBJC_ISA_USAGE = YES_ERROR;
				CLANG_WARN_DOCUMENTATION_COMMENTS = YES;
				CLANG_WARN_EMPTY_BODY = YES;
				CLANG_WARN_ENUM_CONVERSION = YES;
				CLANG_WARN_INFINITE_RECURSION = YES;
				CLANG_WARN_INT_CONVERSION = YES;
				CLANG_WARN_NON_LITERAL_NULL_CONVERSION = YES;
				CLANG_WARN_OBJC_IMPLICIT_RETAIN_SELF = YES;
				CLANG_WARN_OBJC_LITERAL_CONVERSION = YES;
				CLANG_WARN_OBJC_ROOT_CLASS = YES_ERROR;
				CLANG_WARN_RANGE_LOOP_ANALYSIS = YES;
				CLANG_WARN_STRICT_PROTOTYPES = YES;
				CLANG_WARN_SUSPICIOUS_MOVE = YES;
				CLANG_WARN_UNGUARDED_AVAILABILITY = YES_AGGRESSIVE;
				CLANG_WARN_UNREACHABLE_CODE = YES;
				CLANG_WARN__DUPLICATE_METHOD_MATCH = YES;
				CODE_SIGN_IDENTITY = "iPhone Developer";
				COPY_PHASE_STRIP = NO;
				DEBUG_INFORMATION_FORMAT = "dwarf-with-dsym";
				ENABLE_NS_ASSERTIONS = NO;
				ENABLE_STRICT_OBJC_MSGSEND = YES;
				GCC_C_LANGUAGE_STANDARD = gnu11;
				GCC_NO_COMMON_BLOCKS = YES;
				GCC_WARN_64_TO_32_BIT_CONVERSION = YES;
				GCC_WARN_ABOUT_RETURN_TYPE = YES_ERROR;
				GCC_WARN_UNDECLARED_SELECTOR = YES;
				GCC_WARN_UNINITIALIZED_AUTOS = YES_AGGRESSIVE;
				GCC_WARN_UNUSED_FUNCTION = YES;
				GCC_WARN_UNUSED_VARIABLE = YES;
				IPHONEOS_DEPLOYMENT_TARGET = 12.0;
				MTL_ENABLE_DEBUG_INFO = NO;
				MTL_FAST_MATH = YES;
				SDKROOT = iphoneos;
				SWIFT_COMPILATION_MODE = wholemodule;
				SWIFT_OPTIMIZATION_LEVEL = "-O";
				VALIDATE_PRODUCT = YES;
			};
			name = Release;
		};
		211D9BFE216B3B2B00C37400 /* Debug */ = {
			isa = XCBuildConfiguration;
			buildSettings = {
				ASSETCATALOG_COMPILER_APPICON_NAME = AppIcon;
				CODE_SIGN_STYLE = Automatic;
				INFOPLIST_FILE = SwiftStart/Info.plist;
				LD_RUNPATH_SEARCH_PATHS = (
					"$(inherited)",
					"@executable_path/Frameworks",
				);
				PRODUCT_BUNDLE_IDENTIFIER = com.nossaudemy.SwiftStart;
				PRODUCT_NAME = "$(TARGET_NAME)";
				SWIFT_VERSION = 4.2;
				TARGETED_DEVICE_FAMILY = "1,2";
			};
			name = Debug;
		};
		211D9BFF216B3B2B00C37400 /* Release */ = {
			isa = XCBuildConfiguration;
			buildSettings = {
				ASSETCATALOG_COMPILER_APPICON_NAME = AppIcon;
				CODE_SIGN_STYLE = Automatic;
				INFOPLIST_FILE = SwiftStart/Info.plist;
				LD_RUNPATH_SEARCH_PATHS = (
					"$(inherited)",
					"@executable_path/Frameworks",
				);
				PRODUCT_BUNDLE_IDENTIFIER = com.nossaudemy.SwiftStart;
				PRODUCT_NAME = "$(TARGET_NAME)";
				SWIFT_VERSION = 4.2;
				TARGETED_DEVICE_FAMILY = "1,2";
			};
			name = Release;
		};
/* End XCBuildConfiguration section */

/* Begin XCConfigurationList section */
		211D9BE6216B3B2A00C37400 /* Build configuration list for PBXProject "SwiftStart" */ = {
			isa = XCConfigurationList;
			buildConfigurations = (
				211D9BFB216B3B2B00C37400 /* Debug */,
				211D9BFC216B3B2B00C37400 /* Release */,
			);
			defaultConfigurationIsVisible = 0;
			defaultConfigurationName = Release;
		};
		211D9BFD216B3B2B00C37400 /* Build configuration list for PBXNativeTarget "SwiftStart" */ = {
			isa = XCConfigurationList;
			buildConfigurations = (
				211D9BFE216B3B2B00C37400 /* Debug */,
				211D9BFF216B3B2B00C37400 /* Release */,
			);
			defaultConfigurationIsVisible = 0;
			defaultConfigurationName = Release;
		};
/* End XCConfigurationList section */
	};
	rootObject = 211D9BE3216B3B2A00C37400 /* Project object */;
}
